// !$*UTF8*$!
{
	archiveVersion = 1;
	classes = {
	};
	objectVersion = 56;
	objects = {

/* Begin PBXBuildFile section */
		2EA629D56AFB907B90CFA81F /* Pods_NoteBook.framework in Frameworks */ = {isa = PBXBuildFile; fileRef = F2FCFF20756CD403DE1A92FD /* Pods_NoteBook.framework */; };
		8495DF12292393F5000370EA /* PageChange.swift in Sources */ = {isa = PBXBuildFile; fileRef = 8495DF11292393F5000370EA /* PageChange.swift */; };
		84C3A22F29237910000EC4C6 /* NT_WebViewController.swift in Sources */ = {isa = PBXBuildFile; fileRef = 84C3A22E29237910000EC4C6 /* NT_WebViewController.swift */; };
		84C3A23129237A77000EC4C6 /* UIImageExtesion.swift in Sources */ = {isa = PBXBuildFile; fileRef = 84C3A23029237A77000EC4C6 /* UIImageExtesion.swift */; };
		84C3A23329237B13000EC4C6 /* UIViewControllerExtession.swift in Sources */ = {isa = PBXBuildFile; fileRef = 84C3A23229237B13000EC4C6 /* UIViewControllerExtession.swift */; };
		84C3A23529237B5E000EC4C6 /* About_NT.swift in Sources */ = {isa = PBXBuildFile; fileRef = 84C3A23429237B5E000EC4C6 /* About_NT.swift */; };
		84C3A23829238034000EC4C6 /* NTMineViewController.swift in Sources */ = {isa = PBXBuildFile; fileRef = 84C3A23729238034000EC4C6 /* NTMineViewController.swift */; };
		84C3A23D2923811F000EC4C6 /* NoteViewController.m in Sources */ = {isa = PBXBuildFile; fileRef = 84C3A23B2923811F000EC4C6 /* NoteViewController.m */; };
		84C3A23E2923811F000EC4C6 /* NoteViewController.xib in Resources */ = {isa = PBXBuildFile; fileRef = 84C3A23C2923811F000EC4C6 /* NoteViewController.xib */; };
		84C3A249292382D8000EC4C6 /* NT_MineViewCell.swift in Sources */ = {isa = PBXBuildFile; fileRef = 84C3A247292382D8000EC4C6 /* NT_MineViewCell.swift */; };
		84C3A24A292382D8000EC4C6 /* NT_MineViewCell.xib in Resources */ = {isa = PBXBuildFile; fileRef = 84C3A248292382D8000EC4C6 /* NT_MineViewCell.xib */; };
		84C3A250292385A9000EC4C6 /* MBProgressHUD.m in Sources */ = {isa = PBXBuildFile; fileRef = 84C3A24C292385A9000EC4C6 /* MBProgressHUD.m */; };
		84C3A251292385A9000EC4C6 /* MBProgressHUD+Extension.swift in Sources */ = {isa = PBXBuildFile; fileRef = 84C3A24E292385A9000EC4C6 /* MBProgressHUD+Extension.swift */; };
		84C3A252292385A9000EC4C6 /* EWMBProgressHUD.swift in Sources */ = {isa = PBXBuildFile; fileRef = 84C3A24F292385A9000EC4C6 /* EWMBProgressHUD.swift */; };
		84C3A25429238EE5000EC4C6 /* UIView+Add.swift in Sources */ = {isa = PBXBuildFile; fileRef = 84C3A25329238EE5000EC4C6 /* UIView+Add.swift */; };
		84C3A25629238F30000EC4C6 /* NT_MineHeaderView.swift in Sources */ = {isa = PBXBuildFile; fileRef = 84C3A25529238F30000EC4C6 /* NT_MineHeaderView.swift */; };
		84C3A25829239005000EC4C6 /* UImageView+Add.swift in Sources */ = {isa = PBXBuildFile; fileRef = 84C3A25729239005000EC4C6 /* UImageView+Add.swift */; };
		84C3A25A29239066000EC4C6 /* NT_MineHeaderView.xib in Resources */ = {isa = PBXBuildFile; fileRef = 84C3A25929239066000EC4C6 /* NT_MineHeaderView.xib */; };
		84C3A25C2923923A000EC4C6 /* NSObkect+Add.swift in Sources */ = {isa = PBXBuildFile; fileRef = 84C3A25B2923923A000EC4C6 /* NSObkect+Add.swift */; };
		84D7008A2924DA4A00FA2339 /* NT_NetWorkResult.swift in Sources */ = {isa = PBXBuildFile; fileRef = 84D700892924DA4A00FA2339 /* NT_NetWorkResult.swift */; };
		84D7008C2924DABE00FA2339 /* NT_NetWorkProvider.swift in Sources */ = {isa = PBXBuildFile; fileRef = 84D7008B2924DABE00FA2339 /* NT_NetWorkProvider.swift */; };
		84D7008E2924DB0E00FA2339 /* NT_SystemTime.swift in Sources */ = {isa = PBXBuildFile; fileRef = 84D7008D2924DB0E00FA2339 /* NT_SystemTime.swift */; };
		84D700902924DB9500FA2339 /* DateExtension.swift in Sources */ = {isa = PBXBuildFile; fileRef = 84D7008F2924DB9500FA2339 /* DateExtension.swift */; };
		84D700922924DCE900FA2339 /* NT_API.swift in Sources */ = {isa = PBXBuildFile; fileRef = 84D700912924DCE900FA2339 /* NT_API.swift */; };
		84D700942924DD2900FA2339 /* NT_BASE_API.swift in Sources */ = {isa = PBXBuildFile; fileRef = 84D700932924DD2900FA2339 /* NT_BASE_API.swift */; };
		84D700A92924DE5400FA2339 /* NSObject+Localizable.swift in Sources */ = {isa = PBXBuildFile; fileRef = 84D700982924DE5400FA2339 /* NSObject+Localizable.swift */; };
		84D700AA2924DE5400FA2339 /* HCLocalizableManager.swift in Sources */ = {isa = PBXBuildFile; fileRef = 84D700992924DE5400FA2339 /* HCLocalizableManager.swift */; };
		84D700AB2924DE5400FA2339 /* HCLocalizableDeinitBlockExecutor.swift in Sources */ = {isa = PBXBuildFile; fileRef = 84D7009A2924DE5400FA2339 /* HCLocalizableDeinitBlockExecutor.swift */; };
		84D700AC2924DE5400FA2339 /* HCLocalizableManager-OC.m in Sources */ = {isa = PBXBuildFile; fileRef = 84D7009B2924DE5400FA2339 /* HCLocalizableManager-OC.m */; };
		84D700AD2924DE5400FA2339 /* NSObject+LocalizableDeinit.swift in Sources */ = {isa = PBXBuildFile; fileRef = 84D7009C2924DE5400FA2339 /* NSObject+LocalizableDeinit.swift */; };
		84D700AE2924DE5400FA2339 /* UITextField+Localizable.swift in Sources */ = {isa = PBXBuildFile; fileRef = 84D7009E2924DE5400FA2339 /* UITextField+Localizable.swift */; };
		84D700AF2924DE5400FA2339 /* UISearchBar+Localizable.swift in Sources */ = {isa = PBXBuildFile; fileRef = 84D7009F2924DE5400FA2339 /* UISearchBar+Localizable.swift */; };
		84D700B02924DE5400FA2339 /* UITabBarItem+Localizable.swift in Sources */ = {isa = PBXBuildFile; fileRef = 84D700A02924DE5400FA2339 /* UITabBarItem+Localizable.swift */; };
		84D700B12924DE5400FA2339 /* UITextView+Localizable.swift in Sources */ = {isa = PBXBuildFile; fileRef = 84D700A12924DE5400FA2339 /* UITextView+Localizable.swift */; };
		84D700B22924DE5400FA2339 /* UIButton+Localizable.swift in Sources */ = {isa = PBXBuildFile; fileRef = 84D700A22924DE5400FA2339 /* UIButton+Localizable.swift */; };
		84D700B32924DE5400FA2339 /* UIViewController+Localizable.swift in Sources */ = {isa = PBXBuildFile; fileRef = 84D700A32924DE5400FA2339 /* UIViewController+Localizable.swift */; };
		84D700B42924DE5400FA2339 /* UINavigationItem+Localizable.swift in Sources */ = {isa = PBXBuildFile; fileRef = 84D700A42924DE5400FA2339 /* UINavigationItem+Localizable.swift */; };
		84D700B52924DE5400FA2339 /* UIImageView+Localizable.swift in Sources */ = {isa = PBXBuildFile; fileRef = 84D700A52924DE5400FA2339 /* UIImageView+Localizable.swift */; };
		84D700B62924DE5400FA2339 /* UILabel+Localizable.swift in Sources */ = {isa = PBXBuildFile; fileRef = 84D700A62924DE5400FA2339 /* UILabel+Localizable.swift */; };
		84D700B72924DE5400FA2339 /* UIImage+Localizable.swift in Sources */ = {isa = PBXBuildFile; fileRef = 84D700A72924DE5400FA2339 /* UIImage+Localizable.swift */; };
		84D700B82924DE5400FA2339 /* UIBarButtonItem+Localizable.swift in Sources */ = {isa = PBXBuildFile; fileRef = 84D700A82924DE5400FA2339 /* UIBarButtonItem+Localizable.swift */; };
		84D700BA2924DEC600FA2339 /* NT_NetworkHelper.swift in Sources */ = {isa = PBXBuildFile; fileRef = 84D700B92924DEC600FA2339 /* NT_NetworkHelper.swift */; };
		84D700BC2924DF1100FA2339 /* IpUtils.swift in Sources */ = {isa = PBXBuildFile; fileRef = 84D700BB2924DF1100FA2339 /* IpUtils.swift */; };
		84D700BE2924E22C00FA2339 /* UIDeviceExtesion.swift in Sources */ = {isa = PBXBuildFile; fileRef = 84D700BD2924E22C00FA2339 /* UIDeviceExtesion.swift */; };
		84D700C02924E4E100FA2339 /* NT_Maintain.swift in Sources */ = {isa = PBXBuildFile; fileRef = 84D700BF2924E4E100FA2339 /* NT_Maintain.swift */; };
		84D700C22924E55100FA2339 /* NT_MaintainView.swift in Sources */ = {isa = PBXBuildFile; fileRef = 84D700C12924E55100FA2339 /* NT_MaintainView.swift */; };
		84D700C42924E5B200FA2339 /* NT_MaintainView.xib in Resources */ = {isa = PBXBuildFile; fileRef = 84D700C32924E5B200FA2339 /* NT_MaintainView.xib */; };
		84D700C62924E6EA00FA2339 /* String+Add.swift in Sources */ = {isa = PBXBuildFile; fileRef = 84D700C52924E6EA00FA2339 /* String+Add.swift */; };
		84EA635F29224C68004F2BC9 /* AppDelegate.swift in Sources */ = {isa = PBXBuildFile; fileRef = 84EA635E29224C68004F2BC9 /* AppDelegate.swift */; };
		84EA636329224C68004F2BC9 /* ViewController.swift in Sources */ = {isa = PBXBuildFile; fileRef = 84EA636229224C68004F2BC9 /* ViewController.swift */; };
		84EA636629224C68004F2BC9 /* Main.storyboard in Resources */ = {isa = PBXBuildFile; fileRef = 84EA636429224C68004F2BC9 /* Main.storyboard */; };
		84EA636829224C6A004F2BC9 /* Assets.xcassets in Resources */ = {isa = PBXBuildFile; fileRef = 84EA636729224C6A004F2BC9 /* Assets.xcassets */; };
		84EA636B29224C6A004F2BC9 /* LaunchScreen.storyboard in Resources */ = {isa = PBXBuildFile; fileRef = 84EA636929224C6A004F2BC9 /* LaunchScreen.storyboard */; };
		84EA637529224F02004F2BC9 /* MainTabBarController.swift in Sources */ = {isa = PBXBuildFile; fileRef = 84EA637429224F02004F2BC9 /* MainTabBarController.swift */; };
		84EA637729224FDE004F2BC9 /* BaseNavigationController.swift in Sources */ = {isa = PBXBuildFile; fileRef = 84EA637629224FDE004F2BC9 /* BaseNavigationController.swift */; };
		84EA637A29225BF6004F2BC9 /* MainTabBar.swift in Sources */ = {isa = PBXBuildFile; fileRef = 84EA637929225BF6004F2BC9 /* MainTabBar.swift */; };
		84EA637D29225C4E004F2BC9 /* UIColorExtession.swift in Sources */ = {isa = PBXBuildFile; fileRef = 84EA637C29225C4E004F2BC9 /* UIColorExtession.swift */; };
		84EA637F29225CB4004F2BC9 /* UIViewExtession.swift in Sources */ = {isa = PBXBuildFile; fileRef = 84EA637E29225CB4004F2BC9 /* UIViewExtession.swift */; };
		84EA638129225D2B004F2BC9 /* UIFontExtession.swift in Sources */ = {isa = PBXBuildFile; fileRef = 84EA638029225D2B004F2BC9 /* UIFontExtession.swift */; };
		84EA638329225DD0004F2BC9 /* Common.swift in Sources */ = {isa = PBXBuildFile; fileRef = 84EA638229225DD0004F2BC9 /* Common.swift */; };
		84F25F1D292277FC002C7545 /* Define.swift in Sources */ = {isa = PBXBuildFile; fileRef = 84F25F1C292277FC002C7545 /* Define.swift */; };
		84F25F20292278A5002C7545 /* Defaults.swift in Sources */ = {isa = PBXBuildFile; fileRef = 84F25F1F292278A5002C7545 /* Defaults.swift */; };
/* End PBXBuildFile section */

/* Begin PBXFileReference section */
		350921E6E3E4B948ACAFD411 /* Pods-NoteBook.debug.xcconfig */ = {isa = PBXFileReference; includeInIndex = 1; lastKnownFileType = text.xcconfig; name = "Pods-NoteBook.debug.xcconfig"; path = "Target Support Files/Pods-NoteBook/Pods-NoteBook.debug.xcconfig"; sourceTree = "<group>"; };
		76C08F66AE5F7D6C5E014119 /* Pods-NoteBook.release.xcconfig */ = {isa = PBXFileReference; includeInIndex = 1; lastKnownFileType = text.xcconfig; name = "Pods-NoteBook.release.xcconfig"; path = "Target Support Files/Pods-NoteBook/Pods-NoteBook.release.xcconfig"; sourceTree = "<group>"; };
		8495DF11292393F5000370EA /* PageChange.swift */ = {isa = PBXFileReference; lastKnownFileType = sourcecode.swift; path = PageChange.swift; sourceTree = "<group>"; };
		84C3A22E29237910000EC4C6 /* NT_WebViewController.swift */ = {isa = PBXFileReference; lastKnownFileType = sourcecode.swift; path = NT_WebViewController.swift; sourceTree = "<group>"; };
		84C3A23029237A77000EC4C6 /* UIImageExtesion.swift */ = {isa = PBXFileReference; lastKnownFileType = sourcecode.swift; path = UIImageExtesion.swift; sourceTree = "<group>"; };
		84C3A23229237B13000EC4C6 /* UIViewControllerExtession.swift */ = {isa = PBXFileReference; lastKnownFileType = sourcecode.swift; path = UIViewControllerExtession.swift; sourceTree = "<group>"; };
		84C3A23429237B5E000EC4C6 /* About_NT.swift */ = {isa = PBXFileReference; lastKnownFileType = sourcecode.swift; path = About_NT.swift; sourceTree = "<group>"; };
		84C3A23729238034000EC4C6 /* NTMineViewController.swift */ = {isa = PBXFileReference; lastKnownFileType = sourcecode.swift; path = NTMineViewController.swift; sourceTree = "<group>"; };
		84C3A2392923811F000EC4C6 /* NoteBook-Bridging-Header.h */ = {isa = PBXFileReference; lastKnownFileType = sourcecode.c.h; path = "NoteBook-Bridging-Header.h"; sourceTree = "<group>"; };
		84C3A23A2923811F000EC4C6 /* NoteViewController.h */ = {isa = PBXFileReference; lastKnownFileType = sourcecode.c.h; path = NoteViewController.h; sourceTree = "<group>"; };
		84C3A23B2923811F000EC4C6 /* NoteViewController.m */ = {isa = PBXFileReference; lastKnownFileType = sourcecode.c.objc; path = NoteViewController.m; sourceTree = "<group>"; };
		84C3A23C2923811F000EC4C6 /* NoteViewController.xib */ = {isa = PBXFileReference; lastKnownFileType = file.xib; path = NoteViewController.xib; sourceTree = "<group>"; };
		84C3A247292382D8000EC4C6 /* NT_MineViewCell.swift */ = {isa = PBXFileReference; lastKnownFileType = sourcecode.swift; path = NT_MineViewCell.swift; sourceTree = "<group>"; };
		84C3A248292382D8000EC4C6 /* NT_MineViewCell.xib */ = {isa = PBXFileReference; lastKnownFileType = file.xib; path = NT_MineViewCell.xib; sourceTree = "<group>"; };
		84C3A24C292385A9000EC4C6 /* MBProgressHUD.m */ = {isa = PBXFileReference; fileEncoding = 4; lastKnownFileType = sourcecode.c.objc; path = MBProgressHUD.m; sourceTree = "<group>"; };
		84C3A24D292385A9000EC4C6 /* MBProgressHUD.h */ = {isa = PBXFileReference; fileEncoding = 4; lastKnownFileType = sourcecode.c.h; path = MBProgressHUD.h; sourceTree = "<group>"; };
		84C3A24E292385A9000EC4C6 /* MBProgressHUD+Extension.swift */ = {isa = PBXFileReference; fileEncoding = 4; lastKnownFileType = sourcecode.swift; path = "MBProgressHUD+Extension.swift"; sourceTree = "<group>"; };
		84C3A24F292385A9000EC4C6 /* EWMBProgressHUD.swift */ = {isa = PBXFileReference; fileEncoding = 4; lastKnownFileType = sourcecode.swift; path = EWMBProgressHUD.swift; sourceTree = "<group>"; };
		84C3A25329238EE5000EC4C6 /* UIView+Add.swift */ = {isa = PBXFileReference; lastKnownFileType = sourcecode.swift; path = "UIView+Add.swift"; sourceTree = "<group>"; };
		84C3A25529238F30000EC4C6 /* NT_MineHeaderView.swift */ = {isa = PBXFileReference; lastKnownFileType = sourcecode.swift; path = NT_MineHeaderView.swift; sourceTree = "<group>"; };
		84C3A25729239005000EC4C6 /* UImageView+Add.swift */ = {isa = PBXFileReference; lastKnownFileType = sourcecode.swift; path = "UImageView+Add.swift"; sourceTree = "<group>"; };
		84C3A25929239066000EC4C6 /* NT_MineHeaderView.xib */ = {isa = PBXFileReference; lastKnownFileType = file.xib; path = NT_MineHeaderView.xib; sourceTree = "<group>"; };
		84C3A25B2923923A000EC4C6 /* NSObkect+Add.swift */ = {isa = PBXFileReference; lastKnownFileType = sourcecode.swift; path = "NSObkect+Add.swift"; sourceTree = "<group>"; };
		84D700892924DA4A00FA2339 /* NT_NetWorkResult.swift */ = {isa = PBXFileReference; lastKnownFileType = sourcecode.swift; path = NT_NetWorkResult.swift; sourceTree = "<group>"; };
		84D7008B2924DABE00FA2339 /* NT_NetWorkProvider.swift */ = {isa = PBXFileReference; lastKnownFileType = sourcecode.swift; path = NT_NetWorkProvider.swift; sourceTree = "<group>"; };
		84D7008D2924DB0E00FA2339 /* NT_SystemTime.swift */ = {isa = PBXFileReference; lastKnownFileType = sourcecode.swift; path = NT_SystemTime.swift; sourceTree = "<group>"; };
		84D7008F2924DB9500FA2339 /* DateExtension.swift */ = {isa = PBXFileReference; lastKnownFileType = sourcecode.swift; path = DateExtension.swift; sourceTree = "<group>"; };
		84D700912924DCE900FA2339 /* NT_API.swift */ = {isa = PBXFileReference; lastKnownFileType = sourcecode.swift; path = NT_API.swift; sourceTree = "<group>"; };
		84D700932924DD2900FA2339 /* NT_BASE_API.swift */ = {isa = PBXFileReference; lastKnownFileType = sourcecode.swift; path = NT_BASE_API.swift; sourceTree = "<group>"; };
		84D700972924DE5400FA2339 /* HCLocalizableManager-OC.h */ = {isa = PBXFileReference; fileEncoding = 4; lastKnownFileType = sourcecode.c.h; path = "HCLocalizableManager-OC.h"; sourceTree = "<group>"; };
		84D700982924DE5400FA2339 /* NSObject+Localizable.swift */ = {isa = PBXFileReference; fileEncoding = 4; lastKnownFileType = sourcecode.swift; path = "NSObject+Localizable.swift"; sourceTree = "<group>"; };
		84D700992924DE5400FA2339 /* HCLocalizableManager.swift */ = {isa = PBXFileReference; fileEncoding = 4; lastKnownFileType = sourcecode.swift; path = HCLocalizableManager.swift; sourceTree = "<group>"; };
		84D7009A2924DE5400FA2339 /* HCLocalizableDeinitBlockExecutor.swift */ = {isa = PBXFileReference; fileEncoding = 4; lastKnownFileType = sourcecode.swift; path = HCLocalizableDeinitBlockExecutor.swift; sourceTree = "<group>"; };
		84D7009B2924DE5400FA2339 /* HCLocalizableManager-OC.m */ = {isa = PBXFileReference; fileEncoding = 4; lastKnownFileType = sourcecode.c.objc; path = "HCLocalizableManager-OC.m"; sourceTree = "<group>"; };
		84D7009C2924DE5400FA2339 /* NSObject+LocalizableDeinit.swift */ = {isa = PBXFileReference; fileEncoding = 4; lastKnownFileType = sourcecode.swift; path = "NSObject+LocalizableDeinit.swift"; sourceTree = "<group>"; };
		84D7009E2924DE5400FA2339 /* UITextField+Localizable.swift */ = {isa = PBXFileReference; fileEncoding = 4; lastKnownFileType = sourcecode.swift; path = "UITextField+Localizable.swift"; sourceTree = "<group>"; };
		84D7009F2924DE5400FA2339 /* UISearchBar+Localizable.swift */ = {isa = PBXFileReference; fileEncoding = 4; lastKnownFileType = sourcecode.swift; path = "UISearchBar+Localizable.swift"; sourceTree = "<group>"; };
		84D700A02924DE5400FA2339 /* UITabBarItem+Localizable.swift */ = {isa = PBXFileReference; fileEncoding = 4; lastKnownFileType = sourcecode.swift; path = "UITabBarItem+Localizable.swift"; sourceTree = "<group>"; };
		84D700A12924DE5400FA2339 /* UITextView+Localizable.swift */ = {isa = PBXFileReference; fileEncoding = 4; lastKnownFileType = sourcecode.swift; path = "UITextView+Localizable.swift"; sourceTree = "<group>"; };
		84D700A22924DE5400FA2339 /* UIButton+Localizable.swift */ = {isa = PBXFileReference; fileEncoding = 4; lastKnownFileType = sourcecode.swift; path = "UIButton+Localizable.swift"; sourceTree = "<group>"; };
		84D700A32924DE5400FA2339 /* UIViewController+Localizable.swift */ = {isa = PBXFileReference; fileEncoding = 4; lastKnownFileType = sourcecode.swift; path = "UIViewController+Localizable.swift"; sourceTree = "<group>"; };
		84D700A42924DE5400FA2339 /* UINavigationItem+Localizable.swift */ = {isa = PBXFileReference; fileEncoding = 4; lastKnownFileType = sourcecode.swift; path = "UINavigationItem+Localizable.swift"; sourceTree = "<group>"; };
		84D700A52924DE5400FA2339 /* UIImageView+Localizable.swift */ = {isa = PBXFileReference; fileEncoding = 4; lastKnownFileType = sourcecode.swift; path = "UIImageView+Localizable.swift"; sourceTree = "<group>"; };
		84D700A62924DE5400FA2339 /* UILabel+Localizable.swift */ = {isa = PBXFileReference; fileEncoding = 4; lastKnownFileType = sourcecode.swift; path = "UILabel+Localizable.swift"; sourceTree = "<group>"; };
		84D700A72924DE5400FA2339 /* UIImage+Localizable.swift */ = {isa = PBXFileReference; fileEncoding = 4; lastKnownFileType = sourcecode.swift; path = "UIImage+Localizable.swift"; sourceTree = "<group>"; };
		84D700A82924DE5400FA2339 /* UIBarButtonItem+Localizable.swift */ = {isa = PBXFileReference; fileEncoding = 4; lastKnownFileType = sourcecode.swift; path = "UIBarButtonItem+Localizable.swift"; sourceTree = "<group>"; };
		84D700B92924DEC600FA2339 /* NT_NetworkHelper.swift */ = {isa = PBXFileReference; lastKnownFileType = sourcecode.swift; path = NT_NetworkHelper.swift; sourceTree = "<group>"; };
		84D700BB2924DF1100FA2339 /* IpUtils.swift */ = {isa = PBXFileReference; lastKnownFileType = sourcecode.swift; path = IpUtils.swift; sourceTree = "<group>"; };
		84D700BD2924E22C00FA2339 /* UIDeviceExtesion.swift */ = {isa = PBXFileReference; lastKnownFileType = sourcecode.swift; path = UIDeviceExtesion.swift; sourceTree = "<group>"; };
		84D700BF2924E4E100FA2339 /* NT_Maintain.swift */ = {isa = PBXFileReference; lastKnownFileType = sourcecode.swift; path = NT_Maintain.swift; sourceTree = "<group>"; };
		84D700C12924E55100FA2339 /* NT_MaintainView.swift */ = {isa = PBXFileReference; lastKnownFileType = sourcecode.swift; path = NT_MaintainView.swift; sourceTree = "<group>"; };
		84D700C32924E5B200FA2339 /* NT_MaintainView.xib */ = {isa = PBXFileReference; lastKnownFileType = file.xib; path = NT_MaintainView.xib; sourceTree = "<group>"; };
		84D700C52924E6EA00FA2339 /* String+Add.swift */ = {isa = PBXFileReference; lastKnownFileType = sourcecode.swift; path = "String+Add.swift"; sourceTree = "<group>"; };
		84EA635B29224C68004F2BC9 /* NoteBook.app */ = {isa = PBXFileReference; explicitFileType = wrapper.application; includeInIndex = 0; path = NoteBook.app; sourceTree = BUILT_PRODUCTS_DIR; };
		84EA635E29224C68004F2BC9 /* AppDelegate.swift */ = {isa = PBXFileReference; lastKnownFileType = sourcecode.swift; path = AppDelegate.swift; sourceTree = "<group>"; };
		84EA636229224C68004F2BC9 /* ViewController.swift */ = {isa = PBXFileReference; lastKnownFileType = sourcecode.swift; path = ViewController.swift; sourceTree = "<group>"; };
		84EA636529224C68004F2BC9 /* Base */ = {isa = PBXFileReference; lastKnownFileType = file.storyboard; name = Base; path = Base.lproj/Main.storyboard; sourceTree = "<group>"; };
		84EA636729224C6A004F2BC9 /* Assets.xcassets */ = {isa = PBXFileReference; lastKnownFileType = folder.assetcatalog; path = Assets.xcassets; sourceTree = "<group>"; };
		84EA636A29224C6A004F2BC9 /* Base */ = {isa = PBXFileReference; lastKnownFileType = file.storyboard; name = Base; path = Base.lproj/LaunchScreen.storyboard; sourceTree = "<group>"; };
		84EA636C29224C6A004F2BC9 /* Info.plist */ = {isa = PBXFileReference; lastKnownFileType = text.plist.xml; path = Info.plist; sourceTree = "<group>"; };
		84EA637429224F02004F2BC9 /* MainTabBarController.swift */ = {isa = PBXFileReference; lastKnownFileType = sourcecode.swift; path = MainTabBarController.swift; sourceTree = "<group>"; };
		84EA637629224FDE004F2BC9 /* BaseNavigationController.swift */ = {isa = PBXFileReference; lastKnownFileType = sourcecode.swift; path = BaseNavigationController.swift; sourceTree = "<group>"; };
		84EA637929225BF6004F2BC9 /* MainTabBar.swift */ = {isa = PBXFileReference; lastKnownFileType = sourcecode.swift; path = MainTabBar.swift; sourceTree = "<group>"; };
		84EA637C29225C4E004F2BC9 /* UIColorExtession.swift */ = {isa = PBXFileReference; lastKnownFileType = sourcecode.swift; path = UIColorExtession.swift; sourceTree = "<group>"; };
		84EA637E29225CB4004F2BC9 /* UIViewExtession.swift */ = {isa = PBXFileReference; lastKnownFileType = sourcecode.swift; path = UIViewExtession.swift; sourceTree = "<group>"; };
		84EA638029225D2B004F2BC9 /* UIFontExtession.swift */ = {isa = PBXFileReference; lastKnownFileType = sourcecode.swift; path = UIFontExtession.swift; sourceTree = "<group>"; };
		84EA638229225DD0004F2BC9 /* Common.swift */ = {isa = PBXFileReference; lastKnownFileType = sourcecode.swift; path = Common.swift; sourceTree = "<group>"; };
		84F25F1C292277FC002C7545 /* Define.swift */ = {isa = PBXFileReference; lastKnownFileType = sourcecode.swift; path = Define.swift; sourceTree = "<group>"; };
		84F25F1F292278A5002C7545 /* Defaults.swift */ = {isa = PBXFileReference; fileEncoding = 4; lastKnownFileType = sourcecode.swift; path = Defaults.swift; sourceTree = "<group>"; };
		F2FCFF20756CD403DE1A92FD /* Pods_NoteBook.framework */ = {isa = PBXFileReference; explicitFileType = wrapper.framework; includeInIndex = 0; path = Pods_NoteBook.framework; sourceTree = BUILT_PRODUCTS_DIR; };
/* End PBXFileReference section */

/* Begin PBXFrameworksBuildPhase section */
		84EA635829224C68004F2BC9 /* Frameworks */ = {
			isa = PBXFrameworksBuildPhase;
			buildActionMask = 2147483647;
			files = (
				2EA629D56AFB907B90CFA81F /* Pods_NoteBook.framework in Frameworks */,
			);
			runOnlyForDeploymentPostprocessing = 0;
		};
/* End PBXFrameworksBuildPhase section */

/* Begin PBXGroup section */
		84C3A22D292378DE000EC4C6 /* H5 */ = {
			isa = PBXGroup;
			children = (
				84C3A22E29237910000EC4C6 /* NT_WebViewController.swift */,
				84C3A23429237B5E000EC4C6 /* About_NT.swift */,
			);
			path = H5;
			sourceTree = "<group>";
		};
		84C3A23629238019000EC4C6 /* Mine */ = {
			isa = PBXGroup;
			children = (
				84C3A23729238034000EC4C6 /* NTMineViewController.swift */,
				84C3A25529238F30000EC4C6 /* NT_MineHeaderView.swift */,
				84C3A25929239066000EC4C6 /* NT_MineHeaderView.xib */,
				84C3A247292382D8000EC4C6 /* NT_MineViewCell.swift */,
				84C3A248292382D8000EC4C6 /* NT_MineViewCell.xib */,
			);
			path = Mine;
			sourceTree = "<group>";
		};
		84C3A23F29238175000EC4C6 /* Third */ = {
			isa = PBXGroup;
			children = (
				84C3A24B292385A9000EC4C6 /* MBProgressHUD */,
			);
			path = Third;
			sourceTree = "<group>";
		};
		84C3A24B292385A9000EC4C6 /* MBProgressHUD */ = {
			isa = PBXGroup;
			children = (
				84C3A24C292385A9000EC4C6 /* MBProgressHUD.m */,
				84C3A24D292385A9000EC4C6 /* MBProgressHUD.h */,
				84C3A24E292385A9000EC4C6 /* MBProgressHUD+Extension.swift */,
				84C3A24F292385A9000EC4C6 /* EWMBProgressHUD.swift */,
			);
			path = MBProgressHUD;
			sourceTree = "<group>";
		};
		84D700882924D5D300FA2339 /* Network */ = {
			isa = PBXGroup;
			children = (
				84D700892924DA4A00FA2339 /* NT_NetWorkResult.swift */,
				84D7008B2924DABE00FA2339 /* NT_NetWorkProvider.swift */,
				84D700C52924E6EA00FA2339 /* String+Add.swift */,
				84D700BF2924E4E100FA2339 /* NT_Maintain.swift */,
				84D700C12924E55100FA2339 /* NT_MaintainView.swift */,
				84D700C32924E5B200FA2339 /* NT_MaintainView.xib */,
				84D700912924DCE900FA2339 /* NT_API.swift */,
				84D700B92924DEC600FA2339 /* NT_NetworkHelper.swift */,
				84D700932924DD2900FA2339 /* NT_BASE_API.swift */,
				84D7008D2924DB0E00FA2339 /* NT_SystemTime.swift */,
			);
			path = Network;
			sourceTree = "<group>";
		};
		84D700952924DE5400FA2339 /* LanguageSwitch */ = {
			isa = PBXGroup;
			children = (
				84D700962924DE5400FA2339 /* Core */,
				84D7009D2924DE5400FA2339 /* UIKit+Localizable */,
			);
			path = LanguageSwitch;
			sourceTree = "<group>";
		};
		84D700962924DE5400FA2339 /* Core */ = {
			isa = PBXGroup;
			children = (
				84D7009A2924DE5400FA2339 /* HCLocalizableDeinitBlockExecutor.swift */,
				84D700972924DE5400FA2339 /* HCLocalizableManager-OC.h */,
				84D7009B2924DE5400FA2339 /* HCLocalizableManager-OC.m */,
				84D700992924DE5400FA2339 /* HCLocalizableManager.swift */,
				84D700982924DE5400FA2339 /* NSObject+Localizable.swift */,
				84D7009C2924DE5400FA2339 /* NSObject+LocalizableDeinit.swift */,
			);
			path = Core;
			sourceTree = "<group>";
		};
		84D7009D2924DE5400FA2339 /* UIKit+Localizable */ = {
			isa = PBXGroup;
			children = (
				84D7009E2924DE5400FA2339 /* UITextField+Localizable.swift */,
				84D7009F2924DE5400FA2339 /* UISearchBar+Localizable.swift */,
				84D700A02924DE5400FA2339 /* UITabBarItem+Localizable.swift */,
				84D700A12924DE5400FA2339 /* UITextView+Localizable.swift */,
				84D700A22924DE5400FA2339 /* UIButton+Localizable.swift */,
				84D700A32924DE5400FA2339 /* UIViewController+Localizable.swift */,
				84D700A42924DE5400FA2339 /* UINavigationItem+Localizable.swift */,
				84D700A52924DE5400FA2339 /* UIImageView+Localizable.swift */,
				84D700A62924DE5400FA2339 /* UILabel+Localizable.swift */,
				84D700A72924DE5400FA2339 /* UIImage+Localizable.swift */,
				84D700A82924DE5400FA2339 /* UIBarButtonItem+Localizable.swift */,
			);
			path = "UIKit+Localizable";
			sourceTree = "<group>";
		};
		84EA635229224C68004F2BC9 = {
			isa = PBXGroup;
			children = (
				84EA635D29224C68004F2BC9 /* NoteBook */,
				84EA635C29224C68004F2BC9 /* Products */,
				CD8CE623ED6269D6493CA811 /* Pods */,
				DFA1FC545273194F7A1E5C5E /* Frameworks */,
			);
			sourceTree = "<group>";
		};
		84EA635C29224C68004F2BC9 /* Products */ = {
			isa = PBXGroup;
			children = (
				84EA635B29224C68004F2BC9 /* NoteBook.app */,
			);
			name = Products;
			sourceTree = "<group>";
		};
		84EA635D29224C68004F2BC9 /* NoteBook */ = {
			isa = PBXGroup;
			children = (
				84D700882924D5D300FA2339 /* Network */,
				84C3A23F29238175000EC4C6 /* Third */,
				84F25F1E2922788A002C7545 /* Tools */,
				84F25F1B292277DE002C7545 /* Public */,
				84EA637B29225C25004F2BC9 /* Extesion */,
				84EA637829224FED004F2BC9 /* Base */,
				84EA637229224E7D004F2BC9 /* Modules */,
				84EA635E29224C68004F2BC9 /* AppDelegate.swift */,
				84EA636229224C68004F2BC9 /* ViewController.swift */,
				84EA636429224C68004F2BC9 /* Main.storyboard */,
				84EA636729224C6A004F2BC9 /* Assets.xcassets */,
				84EA636929224C6A004F2BC9 /* LaunchScreen.storyboard */,
				84EA636C29224C6A004F2BC9 /* Info.plist */,
			);
			path = NoteBook;
			sourceTree = "<group>";
		};
		84EA637229224E7D004F2BC9 /* Modules */ = {
			isa = PBXGroup;
			children = (
				84C3A23629238019000EC4C6 /* Mine */,
				84C3A22D292378DE000EC4C6 /* H5 */,
				84EA637329224EA4004F2BC9 /* TabbarController */,
				84C3A23A2923811F000EC4C6 /* NoteViewController.h */,
				84C3A23B2923811F000EC4C6 /* NoteViewController.m */,
				84C3A23C2923811F000EC4C6 /* NoteViewController.xib */,
				84C3A2392923811F000EC4C6 /* NoteBook-Bridging-Header.h */,
			);
			path = Modules;
			sourceTree = "<group>";
		};
		84EA637329224EA4004F2BC9 /* TabbarController */ = {
			isa = PBXGroup;
			children = (
				84EA637429224F02004F2BC9 /* MainTabBarController.swift */,
				84EA637929225BF6004F2BC9 /* MainTabBar.swift */,
			);
			path = TabbarController;
			sourceTree = "<group>";
		};
		84EA637829224FED004F2BC9 /* Base */ = {
			isa = PBXGroup;
			children = (
				84EA637629224FDE004F2BC9 /* BaseNavigationController.swift */,
				84EA638229225DD0004F2BC9 /* Common.swift */,
			);
			path = Base;
			sourceTree = "<group>";
		};
		84EA637B29225C25004F2BC9 /* Extesion */ = {
			isa = PBXGroup;
			children = (
				84EA637C29225C4E004F2BC9 /* UIColorExtession.swift */,
				84D700BD2924E22C00FA2339 /* UIDeviceExtesion.swift */,
				84C3A25329238EE5000EC4C6 /* UIView+Add.swift */,
				84C3A25B2923923A000EC4C6 /* NSObkect+Add.swift */,
				84EA637E29225CB4004F2BC9 /* UIViewExtession.swift */,
				84EA638029225D2B004F2BC9 /* UIFontExtession.swift */,
				84C3A23029237A77000EC4C6 /* UIImageExtesion.swift */,
				84C3A23229237B13000EC4C6 /* UIViewControllerExtession.swift */,
				84C3A25729239005000EC4C6 /* UImageView+Add.swift */,
				84D7008F2924DB9500FA2339 /* DateExtension.swift */,
			);
			path = Extesion;
			sourceTree = "<group>";
		};
		84F25F1B292277DE002C7545 /* Public */ = {
			isa = PBXGroup;
			children = (
				84F25F1C292277FC002C7545 /* Define.swift */,
				8495DF11292393F5000370EA /* PageChange.swift */,
			);
			path = Public;
			sourceTree = "<group>";
		};
		84F25F1E2922788A002C7545 /* Tools */ = {
			isa = PBXGroup;
			children = (
				84D700952924DE5400FA2339 /* LanguageSwitch */,
				84F25F1F292278A5002C7545 /* Defaults.swift */,
				84D700BB2924DF1100FA2339 /* IpUtils.swift */,
			);
			path = Tools;
			sourceTree = "<group>";
		};
		CD8CE623ED6269D6493CA811 /* Pods */ = {
			isa = PBXGroup;
			children = (
				350921E6E3E4B948ACAFD411 /* Pods-NoteBook.debug.xcconfig */,
				76C08F66AE5F7D6C5E014119 /* Pods-NoteBook.release.xcconfig */,
			);
			path = Pods;
			sourceTree = "<group>";
		};
		DFA1FC545273194F7A1E5C5E /* Frameworks */ = {
			isa = PBXGroup;
			children = (
				F2FCFF20756CD403DE1A92FD /* Pods_NoteBook.framework */,
			);
			name = Frameworks;
			sourceTree = "<group>";
		};
/* End PBXGroup section */

/* Begin PBXNativeTarget section */
		84EA635A29224C68004F2BC9 /* NoteBook */ = {
			isa = PBXNativeTarget;
			buildConfigurationList = 84EA636F29224C6A004F2BC9 /* Build configuration list for PBXNativeTarget "NoteBook" */;
			buildPhases = (
				D257B6A8FAC3ACA5B83F0B3E /* [CP] Check Pods Manifest.lock */,
				84EA635729224C68004F2BC9 /* Sources */,
				84EA635829224C68004F2BC9 /* Frameworks */,
				84EA635929224C68004F2BC9 /* Resources */,
				67D5F9B1BF0F02775F389E4F /* [CP] Embed Pods Frameworks */,
				1A10C9A844DA0238D26EFFE8 /* [CP] Copy Pods Resources */,
			);
			buildRules = (
			);
			dependencies = (
			);
			name = NoteBook;
			productName = NoteBook;
			productReference = 84EA635B29224C68004F2BC9 /* NoteBook.app */;
			productType = "com.apple.product-type.application";
		};
/* End PBXNativeTarget section */

/* Begin PBXProject section */
		84EA635329224C68004F2BC9 /* Project object */ = {
			isa = PBXProject;
			attributes = {
				BuildIndependentTargetsInParallel = 1;
				LastSwiftUpdateCheck = 1400;
				LastUpgradeCheck = 1400;
				TargetAttributes = {
					84EA635A29224C68004F2BC9 = {
						CreatedOnToolsVersion = 14.0.1;
						LastSwiftMigration = 1400;
					};
				};
			};
			buildConfigurationList = 84EA635629224C68004F2BC9 /* Build configuration list for PBXProject "NoteBook" */;
			compatibilityVersion = "Xcode 14.0";
			developmentRegion = en;
			hasScannedForEncodings = 0;
			knownRegions = (
				en,
				Base,
			);
			mainGroup = 84EA635229224C68004F2BC9;
			productRefGroup = 84EA635C29224C68004F2BC9 /* Products */;
			projectDirPath = "";
			projectRoot = "";
			targets = (
				84EA635A29224C68004F2BC9 /* NoteBook */,
			);
		};
/* End PBXProject section */

/* Begin PBXResourcesBuildPhase section */
		84EA635929224C68004F2BC9 /* Resources */ = {
			isa = PBXResourcesBuildPhase;
			buildActionMask = 2147483647;
			files = (
				84C3A25A29239066000EC4C6 /* NT_MineHeaderView.xib in Resources */,
				84D700C42924E5B200FA2339 /* NT_MaintainView.xib in Resources */,
				84C3A23E2923811F000EC4C6 /* NoteViewController.xib in Resources */,
				84EA636B29224C6A004F2BC9 /* LaunchScreen.storyboard in Resources */,
				84C3A24A292382D8000EC4C6 /* NT_MineViewCell.xib in Resources */,
				84EA636829224C6A004F2BC9 /* Assets.xcassets in Resources */,
				84EA636629224C68004F2BC9 /* Main.storyboard in Resources */,
			);
			runOnlyForDeploymentPostprocessing = 0;
		};
/* End PBXResourcesBuildPhase section */

/* Begin PBXShellScriptBuildPhase section */
		1A10C9A844DA0238D26EFFE8 /* [CP] Copy Pods Resources */ = {
			isa = PBXShellScriptBuildPhase;
			buildActionMask = 2147483647;
			files = (
			);
			inputFileListPaths = (
				"${PODS_ROOT}/Target Support Files/Pods-NoteBook/Pods-NoteBook-resources-${CONFIGURATION}-input-files.xcfilelist",
			);
			name = "[CP] Copy Pods Resources";
			outputFileListPaths = (
				"${PODS_ROOT}/Target Support Files/Pods-NoteBook/Pods-NoteBook-resources-${CONFIGURATION}-output-files.xcfilelist",
			);
			runOnlyForDeploymentPostprocessing = 0;
			shellPath = /bin/sh;
			shellScript = "\"${PODS_ROOT}/Target Support Files/Pods-NoteBook/Pods-NoteBook-resources.sh\"\n";
			showEnvVarsInLog = 0;
		};
		67D5F9B1BF0F02775F389E4F /* [CP] Embed Pods Frameworks */ = {
			isa = PBXShellScriptBuildPhase;
			buildActionMask = 2147483647;
			files = (
			);
			inputFileListPaths = (
				"${PODS_ROOT}/Target Support Files/Pods-NoteBook/Pods-NoteBook-frameworks-${CONFIGURATION}-input-files.xcfilelist",
			);
			name = "[CP] Embed Pods Frameworks";
			outputFileListPaths = (
				"${PODS_ROOT}/Target Support Files/Pods-NoteBook/Pods-NoteBook-frameworks-${CONFIGURATION}-output-files.xcfilelist",
			);
			runOnlyForDeploymentPostprocessing = 0;
			shellPath = /bin/sh;
			shellScript = "\"${PODS_ROOT}/Target Support Files/Pods-NoteBook/Pods-NoteBook-frameworks.sh\"\n";
			showEnvVarsInLog = 0;
		};
		D257B6A8FAC3ACA5B83F0B3E /* [CP] Check Pods Manifest.lock */ = {
			isa = PBXShellScriptBuildPhase;
			buildActionMask = 2147483647;
			files = (
			);
			inputFileListPaths = (
			);
			inputPaths = (
				"${PODS_PODFILE_DIR_PATH}/Podfile.lock",
				"${PODS_ROOT}/Manifest.lock",
			);
			name = "[CP] Check Pods Manifest.lock";
			outputFileListPaths = (
			);
			outputPaths = (
				"$(DERIVED_FILE_DIR)/Pods-NoteBook-checkManifestLockResult.txt",
			);
			runOnlyForDeploymentPostprocessing = 0;
			shellPath = /bin/sh;
			shellScript = "diff \"${PODS_PODFILE_DIR_PATH}/Podfile.lock\" \"${PODS_ROOT}/Manifest.lock\" > /dev/null\nif [ $? != 0 ] ; then\n    # print error to STDERR\n    echo \"error: The sandbox is not in sync with the Podfile.lock. Run 'pod install' or update your CocoaPods installation.\" >&2\n    exit 1\nfi\n# This output is used by Xcode 'outputs' to avoid re-running this script phase.\necho \"SUCCESS\" > \"${SCRIPT_OUTPUT_FILE_0}\"\n";
			showEnvVarsInLog = 0;
		};
/* End PBXShellScriptBuildPhase section */

/* Begin PBXSourcesBuildPhase section */
		84EA635729224C68004F2BC9 /* Sources */ = {
			isa = PBXSourcesBuildPhase;
			buildActionMask = 2147483647;
			files = (
				84D700B72924DE5400FA2339 /* UIImage+Localizable.swift in Sources */,
				84EA637729224FDE004F2BC9 /* BaseNavigationController.swift in Sources */,
				84D700942924DD2900FA2339 /* NT_BASE_API.swift in Sources */,
				84D700902924DB9500FA2339 /* DateExtension.swift in Sources */,
				84D700B12924DE5400FA2339 /* UITextView+Localizable.swift in Sources */,
				84D700B82924DE5400FA2339 /* UIBarButtonItem+Localizable.swift in Sources */,
				84C3A23D2923811F000EC4C6 /* NoteViewController.m in Sources */,
				84C3A251292385A9000EC4C6 /* MBProgressHUD+Extension.swift in Sources */,
				84C3A25C2923923A000EC4C6 /* NSObkect+Add.swift in Sources */,
				8495DF12292393F5000370EA /* PageChange.swift in Sources */,
				84C3A23129237A77000EC4C6 /* UIImageExtesion.swift in Sources */,
				84D700AE2924DE5400FA2339 /* UITextField+Localizable.swift in Sources */,
				84D700C62924E6EA00FA2339 /* String+Add.swift in Sources */,
				84C3A249292382D8000EC4C6 /* NT_MineViewCell.swift in Sources */,
				84D700BE2924E22C00FA2339 /* UIDeviceExtesion.swift in Sources */,
				84D700C22924E55100FA2339 /* NT_MaintainView.swift in Sources */,
				84EA637F29225CB4004F2BC9 /* UIViewExtession.swift in Sources */,
				84D700A92924DE5400FA2339 /* NSObject+Localizable.swift in Sources */,
				84D700AC2924DE5400FA2339 /* HCLocalizableManager-OC.m in Sources */,
				84C3A23329237B13000EC4C6 /* UIViewControllerExtession.swift in Sources */,
				84D700C02924E4E100FA2339 /* NT_Maintain.swift in Sources */,
				84C3A25629238F30000EC4C6 /* NT_MineHeaderView.swift in Sources */,
				84EA636329224C68004F2BC9 /* ViewController.swift in Sources */,
				84D700922924DCE900FA2339 /* NT_API.swift in Sources */,
				84D700AD2924DE5400FA2339 /* NSObject+LocalizableDeinit.swift in Sources */,
				84D700B42924DE5400FA2339 /* UINavigationItem+Localizable.swift in Sources */,
				84C3A250292385A9000EC4C6 /* MBProgressHUD.m in Sources */,
				84C3A252292385A9000EC4C6 /* EWMBProgressHUD.swift in Sources */,
				84C3A22F29237910000EC4C6 /* NT_WebViewController.swift in Sources */,
				84D700BA2924DEC600FA2339 /* NT_NetworkHelper.swift in Sources */,
				84EA635F29224C68004F2BC9 /* AppDelegate.swift in Sources */,
				84D700AB2924DE5400FA2339 /* HCLocalizableDeinitBlockExecutor.swift in Sources */,
				84D7008A2924DA4A00FA2339 /* NT_NetWorkResult.swift in Sources */,
				84D700B32924DE5400FA2339 /* UIViewController+Localizable.swift in Sources */,
				84EA638329225DD0004F2BC9 /* Common.swift in Sources */,
				84EA637A29225BF6004F2BC9 /* MainTabBar.swift in Sources */,
				84D700AF2924DE5400FA2339 /* UISearchBar+Localizable.swift in Sources */,
				84EA637D29225C4E004F2BC9 /* UIColorExtession.swift in Sources */,
				84D7008E2924DB0E00FA2339 /* NT_SystemTime.swift in Sources */,
				84EA637529224F02004F2BC9 /* MainTabBarController.swift in Sources */,
				84D700AA2924DE5400FA2339 /* HCLocalizableManager.swift in Sources */,
				84D700B52924DE5400FA2339 /* UIImageView+Localizable.swift in Sources */,
				84D700BC2924DF1100FA2339 /* IpUtils.swift in Sources */,
				84D700B02924DE5400FA2339 /* UITabBarItem+Localizable.swift in Sources */,
				84F25F1D292277FC002C7545 /* Define.swift in Sources */,
				84D7008C2924DABE00FA2339 /* NT_NetWorkProvider.swift in Sources */,
				84C3A23529237B5E000EC4C6 /* About_NT.swift in Sources */,
				84D700B22924DE5400FA2339 /* UIButton+Localizable.swift in Sources */,
				84C3A25429238EE5000EC4C6 /* UIView+Add.swift in Sources */,
				84D700B62924DE5400FA2339 /* UILabel+Localizable.swift in Sources */,
				84EA638129225D2B004F2BC9 /* UIFontExtession.swift in Sources */,
				84F25F20292278A5002C7545 /* Defaults.swift in Sources */,
				84C3A25829239005000EC4C6 /* UImageView+Add.swift in Sources */,
				84C3A23829238034000EC4C6 /* NTMineViewController.swift in Sources */,
			);
			runOnlyForDeploymentPostprocessing = 0;
		};
/* End PBXSourcesBuildPhase section */

/* Begin PBXVariantGroup section */
		84EA636429224C68004F2BC9 /* Main.storyboard */ = {
			isa = PBXVariantGroup;
			children = (
				84EA636529224C68004F2BC9 /* Base */,
			);
			name = Main.storyboard;
			sourceTree = "<group>";
		};
		84EA636929224C6A004F2BC9 /* LaunchScreen.storyboard */ = {
			isa = PBXVariantGroup;
			children = (
				84EA636A29224C6A004F2BC9 /* Base */,
			);
			name = LaunchScreen.storyboard;
			sourceTree = "<group>";
		};
/* End PBXVariantGroup section */

/* Begin XCBuildConfiguration section */
		84EA636D29224C6A004F2BC9 /* Debug */ = {
			isa = XCBuildConfiguration;
			buildSettings = {
				ALWAYS_SEARCH_USER_PATHS = NO;
				CLANG_ANALYZER_NONNULL = YES;
				CLANG_ANALYZER_NUMBER_OBJECT_CONVERSION = YES_AGGRESSIVE;
				CLANG_CXX_LANGUAGE_STANDARD = "gnu++20";
				CLANG_ENABLE_MODULES = YES;
				CLANG_ENABLE_OBJC_ARC = YES;
				CLANG_ENABLE_OBJC_WEAK = YES;
				CLANG_WARN_BLOCK_CAPTURE_AUTORELEASING = YES;
				CLANG_WARN_BOOL_CONVERSION = YES;
				CLANG_WARN_COMMA = YES;
				CLANG_WARN_CONSTANT_CONVERSION = YES;
				CLANG_WARN_DEPRECATED_OBJC_IMPLEMENTATIONS = YES;
				CLANG_WARN_DIRECT_OBJC_ISA_USAGE = YES_ERROR;
				CLANG_WARN_DOCUMENTATION_COMMENTS = YES;
				CLANG_WARN_EMPTY_BODY = YES;
				CLANG_WARN_ENUM_CONVERSION = YES;
				CLANG_WARN_INFINITE_RECURSION = YES;
				CLANG_WARN_INT_CONVERSION = YES;
				CLANG_WARN_NON_LITERAL_NULL_CONVERSION = YES;
				CLANG_WARN_OBJC_IMPLICIT_RETAIN_SELF = YES;
				CLANG_WARN_OBJC_LITERAL_CONVERSION = YES;
				CLANG_WARN_OBJC_ROOT_CLASS = YES_ERROR;
				CLANG_WARN_QUOTED_INCLUDE_IN_FRAMEWORK_HEADER = YES;
				CLANG_WARN_RANGE_LOOP_ANALYSIS = YES;
				CLANG_WARN_STRICT_PROTOTYPES = YES;
				CLANG_WARN_SUSPICIOUS_MOVE = YES;
				CLANG_WARN_UNGUARDED_AVAILABILITY = YES_AGGRESSIVE;
				CLANG_WARN_UNREACHABLE_CODE = YES;
				CLANG_WARN__DUPLICATE_METHOD_MATCH = YES;
				COPY_PHASE_STRIP = NO;
				DEBUG_INFORMATION_FORMAT = dwarf;
				ENABLE_STRICT_OBJC_MSGSEND = YES;
				ENABLE_TESTABILITY = YES;
				GCC_C_LANGUAGE_STANDARD = gnu11;
				GCC_DYNAMIC_NO_PIC = NO;
				GCC_NO_COMMON_BLOCKS = YES;
				GCC_OPTIMIZATION_LEVEL = 0;
				GCC_PREPROCESSOR_DEFINITIONS = (
					"DEBUG=1",
					"$(inherited)",
				);
				GCC_WARN_64_TO_32_BIT_CONVERSION = YES;
				GCC_WARN_ABOUT_RETURN_TYPE = YES_ERROR;
				GCC_WARN_UNDECLARED_SELECTOR = YES;
				GCC_WARN_UNINITIALIZED_AUTOS = YES_AGGRESSIVE;
				GCC_WARN_UNUSED_FUNCTION = YES;
				GCC_WARN_UNUSED_VARIABLE = YES;
				IPHONEOS_DEPLOYMENT_TARGET = 16.0;
				MTL_ENABLE_DEBUG_INFO = INCLUDE_SOURCE;
				MTL_FAST_MATH = YES;
				ONLY_ACTIVE_ARCH = YES;
				SDKROOT = iphoneos;
				SWIFT_ACTIVE_COMPILATION_CONDITIONS = DEBUG;
				SWIFT_OPTIMIZATION_LEVEL = "-Onone";
			};
			name = Debug;
		};
		84EA636E29224C6A004F2BC9 /* Release */ = {
			isa = XCBuildConfiguration;
			buildSettings = {
				ALWAYS_SEARCH_USER_PATHS = NO;
				CLANG_ANALYZER_NONNULL = YES;
				CLANG_ANALYZER_NUMBER_OBJECT_CONVERSION = YES_AGGRESSIVE;
				CLANG_CXX_LANGUAGE_STANDARD = "gnu++20";
				CLANG_ENABLE_MODULES = YES;
				CLANG_ENABLE_OBJC_ARC = YES;
				CLANG_ENABLE_OBJC_WEAK = YES;
				CLANG_WARN_BLOCK_CAPTURE_AUTORELEASING = YES;
				CLANG_WARN_BOOL_CONVERSION = YES;
				CLANG_WARN_COMMA = YES;
				CLANG_WARN_CONSTANT_CONVERSION = YES;
				CLANG_WARN_DEPRECATED_OBJC_IMPLEMENTATIONS = YES;
				CLANG_WARN_DIRECT_OBJC_ISA_USAGE = YES_ERROR;
				CLANG_WARN_DOCUMENTATION_COMMENTS = YES;
				CLANG_WARN_EMPTY_BODY = YES;
				CLANG_WARN_ENUM_CONVERSION = YES;
				CLANG_WARN_INFINITE_RECURSION = YES;
				CLANG_WARN_INT_CONVERSION = YES;
				CLANG_WARN_NON_LITERAL_NULL_CONVERSION = YES;
				CLANG_WARN_OBJC_IMPLICIT_RETAIN_SELF = YES;
				CLANG_WARN_OBJC_LITERAL_CONVERSION = YES;
				CLANG_WARN_OBJC_ROOT_CLASS = YES_ERROR;
				CLANG_WARN_QUOTED_INCLUDE_IN_FRAMEWORK_HEADER = YES;
				CLANG_WARN_RANGE_LOOP_ANALYSIS = YES;
				CLANG_WARN_STRICT_PROTOTYPES = YES;
				CLANG_WARN_SUSPICIOUS_MOVE = YES;
				CLANG_WARN_UNGUARDED_AVAILABILITY = YES_AGGRESSIVE;
				CLANG_WARN_UNREACHABLE_CODE = YES;
				CLANG_WARN__DUPLICATE_METHOD_MATCH = YES;
				COPY_PHASE_STRIP = NO;
				DEBUG_INFORMATION_FORMAT = "dwarf-with-dsym";
				ENABLE_NS_ASSERTIONS = NO;
				ENABLE_STRICT_OBJC_MSGSEND = YES;
				GCC_C_LANGUAGE_STANDARD = gnu11;
				GCC_NO_COMMON_BLOCKS = YES;
				GCC_WARN_64_TO_32_BIT_CONVERSION = YES;
				GCC_WARN_ABOUT_RETURN_TYPE = YES_ERROR;
				GCC_WARN_UNDECLARED_SELECTOR = YES;
				GCC_WARN_UNINITIALIZED_AUTOS = YES_AGGRESSIVE;
				GCC_WARN_UNUSED_FUNCTION = YES;
				GCC_WARN_UNUSED_VARIABLE = YES;
				IPHONEOS_DEPLOYMENT_TARGET = 16.0;
				MTL_ENABLE_DEBUG_INFO = NO;
				MTL_FAST_MATH = YES;
				SDKROOT = iphoneos;
				SWIFT_COMPILATION_MODE = wholemodule;
				SWIFT_OPTIMIZATION_LEVEL = "-O";
				VALIDATE_PRODUCT = YES;
			};
			name = Release;
		};
		84EA637029224C6A004F2BC9 /* Debug */ = {
			isa = XCBuildConfiguration;
			baseConfigurationReference = 350921E6E3E4B948ACAFD411 /* Pods-NoteBook.debug.xcconfig */;
			buildSettings = {
				ASSETCATALOG_COMPILER_APPICON_NAME = AppIcon;
				ASSETCATALOG_COMPILER_GLOBAL_ACCENT_COLOR_NAME = AccentColor;
				CLANG_ENABLE_MODULES = YES;
				CODE_SIGN_STYLE = Manual;
				CURRENT_PROJECT_VERSION = 1;
				DEVELOPMENT_TEAM = "";
				GENERATE_INFOPLIST_FILE = YES;
				INFOPLIST_FILE = NoteBook/Info.plist;
				INFOPLIST_KEY_UIApplicationSupportsIndirectInputEvents = YES;
				INFOPLIST_KEY_UILaunchStoryboardName = LaunchScreen;
				INFOPLIST_KEY_UIMainStoryboardFile = Main;
				INFOPLIST_KEY_UISupportedInterfaceOrientations_iPad = "UIInterfaceOrientationPortrait UIInterfaceOrientationPortraitUpsideDown UIInterfaceOrientationLandscapeLeft UIInterfaceOrientationLandscapeRight";
				INFOPLIST_KEY_UISupportedInterfaceOrientations_iPhone = "UIInterfaceOrientationPortrait UIInterfaceOrientationLandscapeLeft UIInterfaceOrientationLandscapeRight";
				LD_RUNPATH_SEARCH_PATHS = (
					"$(inherited)",
					"@executable_path/Frameworks",
				);
				MARKETING_VERSION = 1.0;
				PRODUCT_BUNDLE_IDENTIFIER = com.leafhandy.icloud;
				PRODUCT_NAME = "$(TARGET_NAME)";
				PROVISIONING_PROFILE_SPECIFIER = "";
				SWIFT_EMIT_LOC_STRINGS = YES;
				SWIFT_OBJC_BRIDGING_HEADER = "NoteBook/Modules/NoteBook-Bridging-Header.h";
				SWIFT_OPTIMIZATION_LEVEL = "-Onone";
				SWIFT_VERSION = 5.0;
				TARGETED_DEVICE_FAMILY = "1,2";
			};
			name = Debug;
		};
		84EA637129224C6A004F2BC9 /* Release */ = {
			isa = XCBuildConfiguration;
			baseConfigurationReference = 76C08F66AE5F7D6C5E014119 /* Pods-NoteBook.release.xcconfig */;
			buildSettings = {
				ASSETCATALOG_COMPILER_APPICON_NAME = AppIcon;
				ASSETCATALOG_COMPILER_GLOBAL_ACCENT_COLOR_NAME = AccentColor;
				CLANG_ENABLE_MODULES = YES;
				CODE_SIGN_STYLE = Manual;
				CURRENT_PROJECT_VERSION = 1;
				DEVELOPMENT_TEAM = "";
				GENERATE_INFOPLIST_FILE = YES;
				INFOPLIST_FILE = NoteBook/Info.plist;
				INFOPLIST_KEY_UIApplicationSupportsIndirectInputEvents = YES;
				INFOPLIST_KEY_UILaunchStoryboardName = LaunchScreen;
				INFOPLIST_KEY_UIMainStoryboardFile = Main;
				INFOPLIST_KEY_UISupportedInterfaceOrientations_iPad = "UIInterfaceOrientationPortrait UIInterfaceOrientationPortraitUpsideDown UIInterfaceOrientationLandscapeLeft UIInterfaceOrientationLandscapeRight";
				INFOPLIST_KEY_UISupportedInterfaceOrientations_iPhone = "UIInterfaceOrientationPortrait UIInterfaceOrientationLandscapeLeft UIInterfaceOrientationLandscapeRight";
				LD_RUNPATH_SEARCH_PATHS = (
					"$(inherited)",
					"@executable_path/Frameworks",
				);
				MARKETING_VERSION = 1.0;
				PRODUCT_BUNDLE_IDENTIFIER = com.leafhandy.icloud;
				PRODUCT_NAME = "$(TARGET_NAME)";
				PROVISIONING_PROFILE_SPECIFIER = "";
				SWIFT_EMIT_LOC_STRINGS = YES;
				SWIFT_OBJC_BRIDGING_HEADER = "NoteBook/Modules/NoteBook-Bridging-Header.h";
				SWIFT_VERSION = 5.0;
				TARGETED_DEVICE_FAMILY = "1,2";
			};
			name = Release;
		};
/* End XCBuildConfiguration section */

/* Begin XCConfigurationList section */
		84EA635629224C68004F2BC9 /* Build configuration list for PBXProject "NoteBook" */ = {
			isa = XCConfigurationList;
			buildConfigurations = (
				84EA636D29224C6A004F2BC9 /* Debug */,
				84EA636E29224C6A004F2BC9 /* Release */,
			);
			defaultConfigurationIsVisible = 0;
			defaultConfigurationName = Release;
		};
		84EA636F29224C6A004F2BC9 /* Build configuration list for PBXNativeTarget "NoteBook" */ = {
			isa = XCConfigurationList;
			buildConfigurations = (
				84EA637029224C6A004F2BC9 /* Debug */,
				84EA637129224C6A004F2BC9 /* Release */,
			);
			defaultConfigurationIsVisible = 0;
			defaultConfigurationName = Release;
		};
/* End XCConfigurationList section */
	};
	rootObject = 84EA635329224C68004F2BC9 /* Project object */;
}
